{
  "version": 4,
  "terraform_version": "1.13.2",
  "serial": 45,
  "lineage": "110a6087-de93-b97d-3cd6-68b969eff6fb",
  "outputs": {
    "container_app_fqdn": {
      "value": "infinityai-backend-app--0000002.mangohill-1328db0b.westus2.azurecontainerapps.io",
      "type": "string"
    },
    "mysql_connection_string": {
      "value": "mysql+pymysql://infinityai_admin:\u003cpassword\u003e@infinityai-mysql-west-eur.mysql.database.azure.com:3306/infinityai?charset=utf8mb4",
      "type": "string"
    },
    "mysql_server_fqdn": {
      "value": "infinityai-mysql-west-eur.mysql.database.azure.com",
      "type": "string"
    }
  },
  "resources": [
    {
      "mode": "data",
      "type": "azurerm_client_config",
      "name": "current",
      "provider": "provider[\"registry.terraform.io/hashicorp/azurerm\"]",
      "instances": [
        {
          "schema_version": 0,
          "attributes": {
            "client_id": "04b07795-8ddb-461a-bbee-02f9e1bf7b46",
            "id": "Y2xpZW50Q29uZmlncy9jbGllbnRJZD0wNGIwNzc5NS04ZGRiLTQ2MWEtYmJlZS0wMmY5ZTFiZjdiNDY7b2JqZWN0SWQ9MDlkN2UzOTItZDFiMi00NzhlLTg1ZDgtZjg4M2U1NmY3ZjM0O3N1YnNjcmlwdGlvbklkPTYyZmMxNDdhLTJlZmMtNDQ5NC1iZTFmLWZhYTUyMTQzOTc5OTt0ZW5hbnRJZD03YmRkYTAyNy0zOWFiLTQzNzQtOWFhZS0zNDU1NjQ1YzliNjA=",
            "object_id": "09d7e392-d1b2-478e-85d8-f883e56f7f34",
            "subscription_id": "62fc147a-2efc-4494-be1f-faa521439799",
            "tenant_id": "7bdda027-39ab-4374-9aae-3455645c9b60",
            "timeouts": null
          },
          "sensitive_attributes": [],
          "identity_schema_version": 0
        }
      ]
    },
    {
      "mode": "data",
      "type": "azurerm_role_definition",
      "name": "kv_administrator",
      "provider": "provider[\"registry.terraform.io/hashicorp/azurerm\"]",
      "instances": [
        {
          "schema_version": 0,
          "attributes": {
            "assignable_scopes": [
              "/"
            ],
            "description": "Perform all data plane operations on a key vault and all objects in it, including certificates, keys, and secrets. Cannot manage key vault resources or manage role assignments. Only works for key vaults that use the 'Azure role-based access control' permission model.",
            "id": "/subscriptions/62fc147a-2efc-4494-be1f-faa521439799/providers/Microsoft.Authorization/roleDefinitions/00482a5a-887f-4fb3-b363-3b7fe8e74483",
            "name": "Key Vault Administrator",
            "permissions": [
              {
                "actions": [
                  "Microsoft.Authorization/*/read",
                  "Microsoft.Insights/alertRules/*",
                  "Microsoft.Resources/deployments/*",
                  "Microsoft.Resources/subscriptions/resourceGroups/read",
                  "Microsoft.Support/*",
                  "Microsoft.KeyVault/checkNameAvailability/read",
                  "Microsoft.KeyVault/deletedVaults/read",
                  "Microsoft.KeyVault/locations/*/read",
                  "Microsoft.KeyVault/vaults/*/read",
                  "Microsoft.KeyVault/operations/read"
                ],
                "condition": "",
                "condition_version": "",
                "data_actions": [
                  "Microsoft.KeyVault/vaults/*"
                ],
                "not_actions": [],
                "not_data_actions": []
              }
            ],
            "role_definition_id": "/subscriptions/62fc147a-2efc-4494-be1f-faa521439799/providers/Microsoft.Authorization/roleDefinitions/00482a5a-887f-4fb3-b363-3b7fe8e74483",
            "scope": "/subscriptions/62fc147a-2efc-4494-be1f-faa521439799/resourceGroups/InfinityAI-Prod-RG-West/providers/Microsoft.KeyVault/vaults/infinityai-kv-eur2024",
            "timeouts": null,
            "type": "BuiltInRole"
          },
          "sensitive_attributes": [],
          "identity_schema_version": 0
        }
      ]
    },
    {
      "mode": "data",
      "type": "azurerm_role_definition",
      "name": "kv_secrets_user",
      "provider": "provider[\"registry.terraform.io/hashicorp/azurerm\"]",
      "instances": [
        {
          "schema_version": 0,
          "attributes": {
            "assignable_scopes": [
              "/"
            ],
            "description": "Read secret contents. Only works for key vaults that use the 'Azure role-based access control' permission model.",
            "id": "/subscriptions/62fc147a-2efc-4494-be1f-faa521439799/providers/Microsoft.Authorization/roleDefinitions/4633458b-17de-408a-b874-0445c86b69e6",
            "name": "Key Vault Secrets User",
            "permissions": [
              {
                "actions": [],
                "condition": "",
                "condition_version": "",
                "data_actions": [
                  "Microsoft.KeyVault/vaults/secrets/getSecret/action",
                  "Microsoft.KeyVault/vaults/secrets/readMetadata/action"
                ],
                "not_actions": [],
                "not_data_actions": []
              }
            ],
            "role_definition_id": "/subscriptions/62fc147a-2efc-4494-be1f-faa521439799/providers/Microsoft.Authorization/roleDefinitions/4633458b-17de-408a-b874-0445c86b69e6",
            "scope": "/subscriptions/62fc147a-2efc-4494-be1f-faa521439799/resourceGroups/InfinityAI-Prod-RG-West/providers/Microsoft.KeyVault/vaults/infinityai-kv-eur2024",
            "timeouts": null,
            "type": "BuiltInRole"
          },
          "sensitive_attributes": [],
          "identity_schema_version": 0
        }
      ]
    },
    {
      "mode": "managed",
      "type": "azurerm_application_insights",
      "name": "appi",
      "provider": "provider[\"registry.terraform.io/hashicorp/azurerm\"]",
      "instances": [
        {
          "schema_version": 2,
          "attributes": {
            "app_id": "45bfca69-e004-457c-9085-dc637fdc7cfc",
            "application_type": "web",
            "connection_string": "InstrumentationKey=9fccbe6d-392e-491d-9dd3-d654d78f69c2;IngestionEndpoint=https://westeurope-5.in.applicationinsights.azure.com/;LiveEndpoint=https://westeurope.livediagnostics.monitor.azure.com/;ApplicationId=45bfca69-e004-457c-9085-dc637fdc7cfc",
            "daily_data_cap_in_gb": 100,
            "daily_data_cap_notifications_disabled": false,
            "disable_ip_masking": false,
            "force_customer_storage_for_profiler": false,
            "id": "/subscriptions/62fc147a-2efc-4494-be1f-faa521439799/resourceGroups/InfinityAI-Prod-RG-West/providers/Microsoft.Insights/components/infinityai-appi",
            "instrumentation_key": "9fccbe6d-392e-491d-9dd3-d654d78f69c2",
            "internet_ingestion_enabled": true,
            "internet_query_enabled": true,
            "local_authentication_disabled": false,
            "location": "westeurope",
            "name": "infinityai-appi",
            "resource_group_name": "InfinityAI-Prod-RG-West",
            "retention_in_days": 90,
            "sampling_percentage": 100,
            "tags": {},
            "timeouts": null,
            "workspace_id": "/subscriptions/62fc147a-2efc-4494-be1f-faa521439799/resourceGroups/InfinityAI-Prod-RG-West/providers/Microsoft.OperationalInsights/workspaces/infinityai-law"
          },
          "sensitive_attributes": [
            [
              {
                "type": "get_attr",
                "value": "connection_string"
              }
            ],
            [
              {
                "type": "get_attr",
                "value": "instrumentation_key"
              }
            ]
          ],
          "identity_schema_version": 0,
          "private": "eyJlMmJmYjczMC1lY2FhLTExZTYtOGY4OC0zNDM2M2JjN2M0YzAiOnsiY3JlYXRlIjozNjAwMDAwMDAwMDAwLCJkZWxldGUiOjE4MDAwMDAwMDAwMDAsInJlYWQiOjMwMDAwMDAwMDAwMCwidXBkYXRlIjoxODAwMDAwMDAwMDAwfSwic2NoZW1hX3ZlcnNpb24iOiIyIn0=",
          "dependencies": [
            "azurerm_log_analytics_workspace.law"
          ]
        }
      ]
    },
    {
      "mode": "managed",
      "type": "azurerm_container_app",
      "name": "infinityai",
      "provider": "provider[\"registry.terraform.io/hashicorp/azurerm\"]",
      "instances": [
        {
          "schema_version": 0,
          "attributes": {
            "container_app_environment_id": "/subscriptions/62fc147a-2efc-4494-be1f-faa521439799/resourceGroups/InfinityAI-Prod-RG-West/providers/Microsoft.App/managedEnvironments/InfinityAI-Prod-RG-West-env",
            "custom_domain_verification_id": "7F69398DA2E60321522402AC6806BF430B470CEBAE372D8980F0876FB1917FBA",
            "dapr": [],
            "id": "/subscriptions/62fc147a-2efc-4494-be1f-faa521439799/resourceGroups/InfinityAI-Prod-RG-West/providers/Microsoft.App/containerApps/infinityai-backend-app",
            "identity": [],
            "ingress": [
              {
                "allow_insecure_connections": false,
                "client_certificate_mode": "",
                "cors": [],
                "custom_domain": [],
                "exposed_port": 0,
                "external_enabled": true,
                "fqdn": "infinityai-backend-app.mangohill-1328db0b.westus2.azurecontainerapps.io",
                "ip_security_restriction": [],
                "target_port": 8000,
                "traffic_weight": [
                  {
                    "label": "",
                    "latest_revision": true,
                    "percentage": 100,
                    "revision_suffix": ""
                  }
                ],
                "transport": "auto"
              }
            ],
            "latest_revision_fqdn": "infinityai-backend-app--0000002.mangohill-1328db0b.westus2.azurecontainerapps.io",
            "latest_revision_name": "infinityai-backend-app--0000002",
            "location": "westus2",
            "max_inactive_revisions": 100,
            "name": "infinityai-backend-app",
            "outbound_ip_addresses": [
              "20.69.82.220",
              "20.69.83.13",
              "4.149.134.120",
              "4.149.134.146",
              "4.149.133.111",
              "4.149.134.145",
              "4.149.133.205",
              "4.149.133.144",
              "4.149.132.135",
              "4.149.132.138",
              "4.149.133.20",
              "4.149.135.62",
              "20.69.83.5",
              "20.29.139.120",
              "4.246.51.190",
              "4.149.66.153",
              "4.242.107.55",
              "4.154.251.118",
              "4.246.4.169",
              "20.69.83.46",
              "20.115.200.188",
              "20.115.201.160",
              "20.115.201.51",
              "20.115.201.152",
              "20.115.201.28",
              "20.115.201.167",
              "20.115.194.124",
              "20.115.194.128",
              "4.149.180.200",
              "4.149.180.226",
              "4.149.180.199",
              "4.149.180.180",
              "4.149.180.182",
              "4.149.180.147",
              "4.149.180.173",
              "4.149.180.193",
              "4.149.180.197",
              "4.149.176.15",
              "20.115.194.137",
              "20.64.134.21",
              "172.179.51.54",
              "4.155.95.38",
              "20.3.46.41",
              "20.3.35.8",
              "4.155.93.184",
              "20.115.194.126",
              "20.29.134.80",
              "20.29.134.79",
              "20.29.134.41",
              "20.29.134.75",
              "20.29.132.146",
              "20.29.134.12",
              "4.242.94.183"
            ],
            "registry": [
              {
                "identity": "",
                "password_secret_name": "infinityaiprodacrazurecrio-infinityaiprodacr",
                "server": "infinityaiprodacr.azurecr.io",
                "username": "infinityaiprodacr"
              }
            ],
            "resource_group_name": "InfinityAI-Prod-RG-West",
            "revision_mode": "Single",
            "secret": [
              {
                "identity": "",
                "key_vault_secret_id": "",
                "name": "infinityaiprodacrazurecrio-infinityaiprodacr",
                "value": "q6TQlud4pi/WKu5KSVDiA1CPhPx+nk1a8tUozTj2/v+ACRBHPwyb"
              }
            ],
            "tags": {},
            "template": [
              {
                "azure_queue_scale_rule": [],
                "container": [
                  {
                    "args": [],
                    "command": [],
                    "cpu": 2,
                    "env": [
                      {
                        "name": "ENVIRONMENT",
                        "secret_name": "",
                        "value": "production"
                      },
                      {
                        "name": "PYTHONPATH",
                        "secret_name": "",
                        "value": "/app"
                      },
                      {
                        "name": "LOG_LEVEL",
                        "secret_name": "",
                        "value": "INFO"
                      },
                      {
                        "name": "DB_HOST",
                        "secret_name": "",
                        "value": "infinityai-prod-db.mysql.database.azure.com"
                      },
                      {
                        "name": "DB_USER",
                        "secret_name": "",
                        "value": "infinityai_admin@infinityai-prod-db"
                      },
                      {
                        "name": "DB_PASSWORD",
                        "secret_name": "",
                        "value": "Aruna@0224"
                      },
                      {
                        "name": "DB_NAME",
                        "secret_name": "",
                        "value": "infinityai_prod_db"
                      },
                      {
                        "name": "DB_PORT",
                        "secret_name": "",
                        "value": "3306"
                      },
                      {
                        "name": "APPLICATIONINSIGHTS_CONNECTION_STRING",
                        "secret_name": "",
                        "value": "InstrumentationKey=57af6740-ee2b-4d5c-bde0-4f4c0c0f304d;IngestionEndpoint=https://westus2-2.in.applicationinsights.azure.com/;LiveEndpoint=https://westus2.livediagnostics.monitor.azure.com/;ApplicationId=a9cd1190-3fa8-4197-a160-50f40ac9c01b"
                      }
                    ],
                    "ephemeral_storage": "8Gi",
                    "image": "infinityaiprodacr.azurecr.io/infinityai-backend:latest",
                    "liveness_probe": [],
                    "memory": "4Gi",
                    "name": "infinityai-backend-app",
                    "readiness_probe": [],
                    "startup_probe": [],
                    "volume_mounts": []
                  }
                ],
                "custom_scale_rule": [],
                "http_scale_rule": [],
                "init_container": [],
                "max_replicas": 5,
                "min_replicas": 1,
                "revision_suffix": "",
                "tcp_scale_rule": [],
                "termination_grace_period_seconds": 0,
                "volume": []
              }
            ],
            "timeouts": null,
            "workload_profile_name": "Consumption"
          },
          "sensitive_attributes": [
            [
              {
                "type": "get_attr",
                "value": "custom_domain_verification_id"
              }
            ],
            [
              {
                "type": "get_attr",
                "value": "secret"
              }
            ]
          ],
          "identity_schema_version": 0,
          "private": "eyJlMmJmYjczMC1lY2FhLTExZTYtOGY4OC0zNDM2M2JjN2M0YzAiOnsiY3JlYXRlIjoxODAwMDAwMDAwMDAwLCJkZWxldGUiOjE4MDAwMDAwMDAwMDAsInJlYWQiOjMwMDAwMDAwMDAwMCwidXBkYXRlIjoxODAwMDAwMDAwMDAwfSwic2NoZW1hX3ZlcnNpb24iOiIwIn0="
        }
      ]
    },
    {
      "mode": "managed",
      "type": "azurerm_container_app_environment",
      "name": "env",
      "provider": "provider[\"registry.terraform.io/hashicorp/azurerm\"]",
      "instances": [
        {
          "schema_version": 0,
          "attributes": {
            "custom_domain_verification_id": "7F69398DA2E60321522402AC6806BF430B470CEBAE372D8980F0876FB1917FBA",
            "dapr_application_insights_connection_string": "",
            "default_domain": "lemonmushroom-d1ac37d5.westeurope.azurecontainerapps.io",
            "docker_bridge_cidr": "",
            "id": "/subscriptions/62fc147a-2efc-4494-be1f-faa521439799/resourceGroups/InfinityAI-Prod-RG-West/providers/Microsoft.App/managedEnvironments/infinityai-env",
            "identity": [],
            "infrastructure_resource_group_name": "",
            "infrastructure_subnet_id": "",
            "internal_load_balancer_enabled": false,
            "location": "westeurope",
            "log_analytics_workspace_id": "/subscriptions/62fc147a-2efc-4494-be1f-faa521439799/resourceGroups/InfinityAI-Prod-RG-West/providers/Microsoft.OperationalInsights/workspaces/infinityai-law",
            "logs_destination": "log-analytics",
            "mutual_tls_enabled": false,
            "name": "infinityai-env",
            "platform_reserved_cidr": "",
            "platform_reserved_dns_ip_address": "",
            "resource_group_name": "InfinityAI-Prod-RG-West",
            "static_ip_address": "20.61.147.182",
            "tags": {},
            "timeouts": null,
            "workload_profile": [],
            "zone_redundancy_enabled": false
          },
          "sensitive_attributes": [
            [
              {
                "type": "get_attr",
                "value": "dapr_application_insights_connection_string"
              }
            ]
          ],
          "identity_schema_version": 0,
          "private": "eyJlMmJmYjczMC1lY2FhLTExZTYtOGY4OC0zNDM2M2JjN2M0YzAiOnsiY3JlYXRlIjoxODAwMDAwMDAwMDAwLCJkZWxldGUiOjE4MDAwMDAwMDAwMDAsInJlYWQiOjMwMDAwMDAwMDAwMCwidXBkYXRlIjoxODAwMDAwMDAwMDAwfX0=",
          "dependencies": [
            "azurerm_log_analytics_workspace.law"
          ]
        }
      ]
    },
    {
      "mode": "managed",
      "type": "azurerm_key_vault",
      "name": "kv",
      "provider": "provider[\"registry.terraform.io/hashicorp/azurerm\"]",
      "instances": [
        {
          "schema_version": 2,
          "attributes": {
            "access_policy": [],
            "contact": [],
            "enable_rbac_authorization": true,
            "enabled_for_deployment": false,
            "enabled_for_disk_encryption": false,
            "enabled_for_template_deployment": false,
            "id": "/subscriptions/62fc147a-2efc-4494-be1f-faa521439799/resourceGroups/InfinityAI-Prod-RG-West/providers/Microsoft.KeyVault/vaults/infinityai-kv-eur2024",
            "location": "westeurope",
            "name": "infinityai-kv-eur2024",
            "network_acls": [
              {
                "bypass": "AzureServices",
                "default_action": "Allow",
                "ip_rules": [],
                "virtual_network_subnet_ids": []
              }
            ],
            "public_network_access_enabled": true,
            "purge_protection_enabled": true,
            "rbac_authorization_enabled": true,
            "resource_group_name": "InfinityAI-Prod-RG-West",
            "sku_name": "standard",
            "soft_delete_retention_days": 7,
            "tags": null,
            "tenant_id": "7bdda027-39ab-4374-9aae-3455645c9b60",
            "timeouts": null,
            "vault_uri": "https://infinityai-kv-eur2024.vault.azure.net/"
          },
          "sensitive_attributes": [],
          "identity_schema_version": 0,
          "private": "eyJlMmJmYjczMC1lY2FhLTExZTYtOGY4OC0zNDM2M2JjN2M0YzAiOnsiY3JlYXRlIjoxODAwMDAwMDAwMDAwLCJkZWxldGUiOjE4MDAwMDAwMDAwMDAsInJlYWQiOjMwMDAwMDAwMDAwMCwidXBkYXRlIjoxODAwMDAwMDAwMDAwfSwic2NoZW1hX3ZlcnNpb24iOiIyIn0="
        }
      ]
    },
    {
      "mode": "managed",
      "type": "azurerm_key_vault_secret",
      "name": "database_url",
      "provider": "provider[\"registry.terraform.io/hashicorp/azurerm\"]",
      "instances": [
        {
          "schema_version": 0,
          "attributes": {
            "content_type": "",
            "expiration_date": null,
            "id": "https://infinityai-kv-eur2024.vault.azure.net/secrets/database-url/7c82fb5a39ae490a93ae71901050483a",
            "key_vault_id": "/subscriptions/62fc147a-2efc-4494-be1f-faa521439799/resourceGroups/InfinityAI-Prod-RG-West/providers/Microsoft.KeyVault/vaults/infinityai-kv-eur2024",
            "name": "database-url",
            "not_before_date": null,
            "resource_id": "/subscriptions/62fc147a-2efc-4494-be1f-faa521439799/resourceGroups/InfinityAI-Prod-RG-West/providers/Microsoft.KeyVault/vaults/infinityai-kv-eur2024/secrets/database-url/versions/7c82fb5a39ae490a93ae71901050483a",
            "resource_versionless_id": "/subscriptions/62fc147a-2efc-4494-be1f-faa521439799/resourceGroups/InfinityAI-Prod-RG-West/providers/Microsoft.KeyVault/vaults/infinityai-kv-eur2024/secrets/database-url",
            "tags": null,
            "timeouts": null,
            "value": "",
            "value_wo": null,
            "value_wo_version": 0,
            "version": "7c82fb5a39ae490a93ae71901050483a",
            "versionless_id": "https://infinityai-kv-eur2024.vault.azure.net/secrets/database-url"
          },
          "sensitive_attributes": [
            [
              {
                "type": "get_attr",
                "value": "value"
              }
            ]
          ],
          "identity_schema_version": 0,
          "private": "eyJlMmJmYjczMC1lY2FhLTExZTYtOGY4OC0zNDM2M2JjN2M0YzAiOnsiY3JlYXRlIjoxODAwMDAwMDAwMDAwLCJkZWxldGUiOjE4MDAwMDAwMDAwMDAsInJlYWQiOjE4MDAwMDAwMDAwMDAsInVwZGF0ZSI6MTgwMDAwMDAwMDAwMH19",
          "dependencies": [
            "azurerm_key_vault.kv",
            "azurerm_role_assignment.current_user_kv_admin",
            "data.azurerm_client_config.current",
            "data.azurerm_role_definition.kv_administrator"
          ]
        }
      ]
    },
    {
      "mode": "managed",
      "type": "azurerm_key_vault_secret",
      "name": "mysql_connection_string",
      "provider": "provider[\"registry.terraform.io/hashicorp/azurerm\"]",
      "instances": [
        {
          "schema_version": 0,
          "attributes": {
            "content_type": "",
            "expiration_date": null,
            "id": "https://infinityai-kv-eur2024.vault.azure.net/secrets/mysql-connection-string/f842fa1d51c64dd0a652900eef0bed55",
            "key_vault_id": "/subscriptions/62fc147a-2efc-4494-be1f-faa521439799/resourceGroups/InfinityAI-Prod-RG-West/providers/Microsoft.KeyVault/vaults/infinityai-kv-eur2024",
            "name": "mysql-connection-string",
            "not_before_date": null,
            "resource_id": "/subscriptions/62fc147a-2efc-4494-be1f-faa521439799/resourceGroups/InfinityAI-Prod-RG-West/providers/Microsoft.KeyVault/vaults/infinityai-kv-eur2024/secrets/mysql-connection-string/versions/f842fa1d51c64dd0a652900eef0bed55",
            "resource_versionless_id": "/subscriptions/62fc147a-2efc-4494-be1f-faa521439799/resourceGroups/InfinityAI-Prod-RG-West/providers/Microsoft.KeyVault/vaults/infinityai-kv-eur2024/secrets/mysql-connection-string",
            "tags": null,
            "timeouts": null,
            "value": "mysql+pymysql://infinityai_admin:InfinityAI@MySQL2024!SecurePass#123@infinityai-mysql-west-eur.mysql.database.azure.com:3306/infinityai?charset=utf8mb4",
            "value_wo": null,
            "value_wo_version": 0,
            "version": "f842fa1d51c64dd0a652900eef0bed55",
            "versionless_id": "https://infinityai-kv-eur2024.vault.azure.net/secrets/mysql-connection-string"
          },
          "sensitive_attributes": [
            [
              {
                "type": "get_attr",
                "value": "value"
              }
            ]
          ],
          "identity_schema_version": 0,
          "private": "eyJlMmJmYjczMC1lY2FhLTExZTYtOGY4OC0zNDM2M2JjN2M0YzAiOnsiY3JlYXRlIjoxODAwMDAwMDAwMDAwLCJkZWxldGUiOjE4MDAwMDAwMDAwMDAsInJlYWQiOjE4MDAwMDAwMDAwMDAsInVwZGF0ZSI6MTgwMDAwMDAwMDAwMH19",
          "dependencies": [
            "azurerm_key_vault.kv",
            "azurerm_mysql_flexible_database.mysql_db",
            "azurerm_mysql_flexible_server.mysql",
            "azurerm_role_assignment.current_user_kv_admin",
            "data.azurerm_client_config.current",
            "data.azurerm_role_definition.kv_administrator"
          ]
        }
      ]
    },
    {
      "mode": "managed",
      "type": "azurerm_log_analytics_workspace",
      "name": "law",
      "provider": "provider[\"registry.terraform.io/hashicorp/azurerm\"]",
      "instances": [
        {
          "schema_version": 3,
          "attributes": {
            "allow_resource_only_permissions": true,
            "cmk_for_query_forced": false,
            "daily_quota_gb": -1,
            "data_collection_rule_id": "",
            "id": "/subscriptions/62fc147a-2efc-4494-be1f-faa521439799/resourceGroups/InfinityAI-Prod-RG-West/providers/Microsoft.OperationalInsights/workspaces/infinityai-law",
            "identity": [],
            "immediate_data_purge_on_30_days_enabled": false,
            "internet_ingestion_enabled": true,
            "internet_query_enabled": true,
            "local_authentication_disabled": true,
            "local_authentication_enabled": false,
            "location": "westeurope",
            "name": "infinityai-law",
            "primary_shared_key": "6iXuodf9bwEgXBjWY+BSiEHGm2x9ydPJqNZ1NBXqZ8VQza5w8ovkovLqeZv9rEoYmw9Bc/DCasm9drnxtgN6zQ==",
            "reservation_capacity_in_gb_per_day": null,
            "resource_group_name": "InfinityAI-Prod-RG-West",
            "retention_in_days": 30,
            "secondary_shared_key": "HC50LjIRYyv3xlzOxg4nxHD9qnWagUoAPh1HcIhTA1SeQxfRwo2ZJmgQU1Ci+4FL3T2o/Bcdh0cVZ8qkfnRZ8Q==",
            "sku": "PerGB2018",
            "tags": {},
            "timeouts": null,
            "workspace_id": "3e9e0875-3966-4ef3-b676-1498c08e0d75"
          },
          "sensitive_attributes": [
            [
              {
                "type": "get_attr",
                "value": "primary_shared_key"
              }
            ],
            [
              {
                "type": "get_attr",
                "value": "secondary_shared_key"
              }
            ]
          ],
          "identity_schema_version": 0,
          "private": "eyJlMmJmYjczMC1lY2FhLTExZTYtOGY4OC0zNDM2M2JjN2M0YzAiOnsiY3JlYXRlIjoxODAwMDAwMDAwMDAwLCJkZWxldGUiOjE4MDAwMDAwMDAwMDAsInJlYWQiOjMwMDAwMDAwMDAwMCwidXBkYXRlIjoxODAwMDAwMDAwMDAwfSwic2NoZW1hX3ZlcnNpb24iOiIzIn0="
        }
      ]
    },
    {
      "mode": "managed",
      "type": "azurerm_mysql_flexible_database",
      "name": "mysql_db",
      "provider": "provider[\"registry.terraform.io/hashicorp/azurerm\"]",
      "instances": [
        {
          "schema_version": 0,
          "attributes": {
            "charset": "utf8mb4",
            "collation": "utf8mb4_unicode_ci",
            "id": "/subscriptions/62fc147a-2efc-4494-be1f-faa521439799/resourceGroups/InfinityAI-Prod-RG-West/providers/Microsoft.DBforMySQL/flexibleServers/infinityai-mysql-west-eur/databases/infinityai",
            "name": "infinityai",
            "resource_group_name": "InfinityAI-Prod-RG-West",
            "server_name": "infinityai-mysql-west-eur",
            "timeouts": null
          },
          "sensitive_attributes": [],
          "identity_schema_version": 0,
          "private": "eyJlMmJmYjczMC1lY2FhLTExZTYtOGY4OC0zNDM2M2JjN2M0YzAiOnsiY3JlYXRlIjozNjAwMDAwMDAwMDAwLCJkZWxldGUiOjM2MDAwMDAwMDAwMDAsInJlYWQiOjMwMDAwMDAwMDAwMH19",
          "dependencies": [
            "azurerm_mysql_flexible_server.mysql"
          ]
        }
      ]
    },
    {
      "mode": "managed",
      "type": "azurerm_mysql_flexible_server",
      "name": "mysql",
      "provider": "provider[\"registry.terraform.io/hashicorp/azurerm\"]",
      "instances": [
        {
          "schema_version": 0,
          "attributes": {
            "administrator_login": "infinityai_admin",
            "administrator_password": "InfinityAI@MySQL2024!SecurePass#123",
            "administrator_password_wo": null,
            "administrator_password_wo_version": 0,
            "backup_retention_days": 7,
            "create_mode": null,
            "customer_managed_key": [],
            "delegated_subnet_id": "",
            "fqdn": "infinityai-mysql-west-eur.mysql.database.azure.com",
            "geo_redundant_backup_enabled": false,
            "high_availability": [],
            "id": "/subscriptions/62fc147a-2efc-4494-be1f-faa521439799/resourceGroups/InfinityAI-Prod-RG-West/providers/Microsoft.DBforMySQL/flexibleServers/infinityai-mysql-west-eur",
            "identity": [],
            "location": "westeurope",
            "maintenance_window": [],
            "name": "infinityai-mysql-west-eur",
            "point_in_time_restore_time_in_utc": null,
            "private_dns_zone_id": "",
            "public_network_access": "Enabled",
            "public_network_access_enabled": true,
            "replica_capacity": 10,
            "replication_role": "None",
            "resource_group_name": "InfinityAI-Prod-RG-West",
            "sku_name": "B_Standard_B1ms",
            "source_server_id": "",
            "storage": [
              {
                "auto_grow_enabled": true,
                "io_scaling_enabled": false,
                "iops": 360,
                "log_on_disk_enabled": false,
                "size_gb": 20
              }
            ],
            "tags": {
              "azd-env-name": "InfinityAI-Prod-RG-West"
            },
            "timeouts": null,
            "version": "8.0.21",
            "zone": "3"
          },
          "sensitive_attributes": [
            [
              {
                "type": "get_attr",
                "value": "administrator_password"
              }
            ]
          ],
          "identity_schema_version": 0,
          "private": "eyJlMmJmYjczMC1lY2FhLTExZTYtOGY4OC0zNDM2M2JjN2M0YzAiOnsiY3JlYXRlIjo3MjAwMDAwMDAwMDAwLCJkZWxldGUiOjM2MDAwMDAwMDAwMDAsInJlYWQiOjMwMDAwMDAwMDAwMCwidXBkYXRlIjo3MjAwMDAwMDAwMDAwfX0="
        }
      ]
    },
    {
      "mode": "managed",
      "type": "azurerm_mysql_flexible_server_configuration",
      "name": "mysql_config",
      "provider": "provider[\"registry.terraform.io/hashicorp/azurerm\"]",
      "instances": [
        {
          "schema_version": 0,
          "attributes": {
            "id": "/subscriptions/62fc147a-2efc-4494-be1f-faa521439799/resourceGroups/InfinityAI-Prod-RG-West/providers/Microsoft.DBforMySQL/flexibleServers/infinityai-mysql-west-eur/configurations/require_secure_transport",
            "name": "require_secure_transport",
            "resource_group_name": "InfinityAI-Prod-RG-West",
            "server_name": "infinityai-mysql-west-eur",
            "timeouts": null,
            "value": "OFF"
          },
          "sensitive_attributes": [],
          "identity_schema_version": 0,
          "private": "eyJlMmJmYjczMC1lY2FhLTExZTYtOGY4OC0zNDM2M2JjN2M0YzAiOnsiY3JlYXRlIjoxODAwMDAwMDAwMDAwLCJkZWxldGUiOjE4MDAwMDAwMDAwMDAsInJlYWQiOjMwMDAwMDAwMDAwMCwidXBkYXRlIjoxODAwMDAwMDAwMDAwfX0=",
          "dependencies": [
            "azurerm_mysql_flexible_server.mysql"
          ]
        }
      ]
    },
    {
      "mode": "managed",
      "type": "azurerm_mysql_flexible_server_firewall_rule",
      "name": "allow_container_apps",
      "provider": "provider[\"registry.terraform.io/hashicorp/azurerm\"]",
      "instances": [
        {
          "schema_version": 0,
          "attributes": {
            "end_ip_address": "255.255.255.255",
            "id": "/subscriptions/62fc147a-2efc-4494-be1f-faa521439799/resourceGroups/InfinityAI-Prod-RG-West/providers/Microsoft.DBforMySQL/flexibleServers/infinityai-mysql-west-eur/firewallRules/AllowContainerApps",
            "name": "AllowContainerApps",
            "resource_group_name": "InfinityAI-Prod-RG-West",
            "server_name": "infinityai-mysql-west-eur",
            "start_ip_address": "0.0.0.0",
            "timeouts": null
          },
          "sensitive_attributes": [],
          "identity_schema_version": 0,
          "private": "eyJlMmJmYjczMC1lY2FhLTExZTYtOGY4OC0zNDM2M2JjN2M0YzAiOnsiY3JlYXRlIjoxODAwMDAwMDAwMDAwLCJkZWxldGUiOjE4MDAwMDAwMDAwMDAsInJlYWQiOjMwMDAwMDAwMDAwMCwidXBkYXRlIjoxODAwMDAwMDAwMDAwfX0=",
          "dependencies": [
            "azurerm_mysql_flexible_server.mysql"
          ]
        }
      ]
    },
    {
      "mode": "managed",
      "type": "azurerm_role_assignment",
      "name": "current_user_kv_admin",
      "provider": "provider[\"registry.terraform.io/hashicorp/azurerm\"]",
      "instances": [
        {
          "schema_version": 0,
          "attributes": {
            "condition": "",
            "condition_version": "",
            "delegated_managed_identity_resource_id": "",
            "description": "",
            "id": "/subscriptions/62fc147a-2efc-4494-be1f-faa521439799/resourceGroups/InfinityAI-Prod-RG-West/providers/Microsoft.KeyVault/vaults/infinityai-kv-eur2024/providers/Microsoft.Authorization/roleAssignments/15dd1a02-2ec4-9ccf-0493-8bea5ff3f98a",
            "name": "15dd1a02-2ec4-9ccf-0493-8bea5ff3f98a",
            "principal_id": "09d7e392-d1b2-478e-85d8-f883e56f7f34",
            "principal_type": "User",
            "role_definition_id": "/subscriptions/62fc147a-2efc-4494-be1f-faa521439799/providers/Microsoft.Authorization/roleDefinitions/00482a5a-887f-4fb3-b363-3b7fe8e74483",
            "role_definition_name": "Key Vault Administrator",
            "scope": "/subscriptions/62fc147a-2efc-4494-be1f-faa521439799/resourceGroups/InfinityAI-Prod-RG-West/providers/Microsoft.KeyVault/vaults/infinityai-kv-eur2024",
            "skip_service_principal_aad_check": null,
            "timeouts": null
          },
          "sensitive_attributes": [],
          "identity_schema_version": 0,
          "private": "eyJlMmJmYjczMC1lY2FhLTExZTYtOGY4OC0zNDM2M2JjN2M0YzAiOnsiY3JlYXRlIjoxODAwMDAwMDAwMDAwLCJkZWxldGUiOjE4MDAwMDAwMDAwMDAsInJlYWQiOjMwMDAwMDAwMDAwMH19",
          "dependencies": [
            "azurerm_key_vault.kv",
            "data.azurerm_client_config.current",
            "data.azurerm_role_definition.kv_administrator"
          ]
        }
      ]
    },
    {
      "mode": "managed",
      "type": "azurerm_role_assignment",
      "name": "uami_kv_secrets_user",
      "provider": "provider[\"registry.terraform.io/hashicorp/azurerm\"]",
      "instances": [
        {
          "schema_version": 0,
          "attributes": {
            "condition": "",
            "condition_version": "",
            "delegated_managed_identity_resource_id": "",
            "description": "",
            "id": "/subscriptions/62fc147a-2efc-4494-be1f-faa521439799/resourceGroups/InfinityAI-Prod-RG-West/providers/Microsoft.KeyVault/vaults/infinityai-kv-eur2024/providers/Microsoft.Authorization/roleAssignments/6f3fb7f3-61e1-0f0e-e06d-bbd26bfbacf8",
            "name": "6f3fb7f3-61e1-0f0e-e06d-bbd26bfbacf8",
            "principal_id": "63423c94-c067-4c69-9d11-d5d10d2a5a0a",
            "principal_type": "ServicePrincipal",
            "role_definition_id": "/subscriptions/62fc147a-2efc-4494-be1f-faa521439799/providers/Microsoft.Authorization/roleDefinitions/4633458b-17de-408a-b874-0445c86b69e6",
            "role_definition_name": "Key Vault Secrets User",
            "scope": "/subscriptions/62fc147a-2efc-4494-be1f-faa521439799/resourceGroups/InfinityAI-Prod-RG-West/providers/Microsoft.KeyVault/vaults/infinityai-kv-eur2024",
            "skip_service_principal_aad_check": null,
            "timeouts": null
          },
          "sensitive_attributes": [],
          "identity_schema_version": 0,
          "private": "eyJlMmJmYjczMC1lY2FhLTExZTYtOGY4OC0zNDM2M2JjN2M0YzAiOnsiY3JlYXRlIjoxODAwMDAwMDAwMDAwLCJkZWxldGUiOjE4MDAwMDAwMDAwMDAsInJlYWQiOjMwMDAwMDAwMDAwMH19",
          "dependencies": [
            "azurerm_key_vault.kv",
            "azurerm_user_assigned_identity.uami",
            "data.azurerm_role_definition.kv_secrets_user"
          ]
        }
      ]
    },
    {
      "mode": "managed",
      "type": "azurerm_user_assigned_identity",
      "name": "uami",
      "provider": "provider[\"registry.terraform.io/hashicorp/azurerm\"]",
      "instances": [
        {
          "schema_version": 1,
          "attributes": {
            "client_id": "0dc3e28e-bf91-45b3-b00b-716b96f923c4",
            "id": "/subscriptions/62fc147a-2efc-4494-be1f-faa521439799/resourceGroups/InfinityAI-Prod-RG-West/providers/Microsoft.ManagedIdentity/userAssignedIdentities/infinityai-uami",
            "location": "westeurope",
            "name": "infinityai-uami",
            "principal_id": "63423c94-c067-4c69-9d11-d5d10d2a5a0a",
            "resource_group_name": "InfinityAI-Prod-RG-West",
            "tags": {},
            "tenant_id": "7bdda027-39ab-4374-9aae-3455645c9b60",
            "timeouts": null
          },
          "sensitive_attributes": [],
          "identity_schema_version": 0,
          "private": "eyJlMmJmYjczMC1lY2FhLTExZTYtOGY4OC0zNDM2M2JjN2M0YzAiOnsiY3JlYXRlIjoxODAwMDAwMDAwMDAwLCJkZWxldGUiOjE4MDAwMDAwMDAwMDAsInJlYWQiOjMwMDAwMDAwMDAwMCwidXBkYXRlIjoxODAwMDAwMDAwMDAwfSwic2NoZW1hX3ZlcnNpb24iOiIxIn0="
        }
      ]
    }
  ],
  "check_results": null
}
